// !$*UTF8*$!
{
	archiveVersion = 1;
	classes = {
	};
	objectVersion = 56;
	objects = {

/* Begin PBXBuildFile section */
		D39D5B8C2C6237F900BD7130 /* PokemonList.swift in Sources */ = {isa = PBXBuildFile; fileRef = D39D5B8B2C6237F900BD7130 /* PokemonList.swift */; };
		D39D5B8E2C62381000BD7130 /* PokemonListView.swift in Sources */ = {isa = PBXBuildFile; fileRef = D39D5B8D2C62381000BD7130 /* PokemonListView.swift */; };
		D39D5B902C62382300BD7130 /* PokemonClient.swift in Sources */ = {isa = PBXBuildFile; fileRef = D39D5B8F2C62382300BD7130 /* PokemonClient.swift */; };
		D3B5F6682C62301C00530965 /* PokemonApp.swift in Sources */ = {isa = PBXBuildFile; fileRef = D3B5F6672C62301C00530965 /* PokemonApp.swift */; };
		D3B5F66C2C62301D00530965 /* Assets.xcassets in Resources */ = {isa = PBXBuildFile; fileRef = D3B5F66B2C62301D00530965 /* Assets.xcassets */; };
		D3B5F66F2C62301D00530965 /* Preview Assets.xcassets in Resources */ = {isa = PBXBuildFile; fileRef = D3B5F66E2C62301D00530965 /* Preview Assets.xcassets */; };
		D3B5F6792C62301D00530965 /* PokemonTests.swift in Sources */ = {isa = PBXBuildFile; fileRef = D3B5F6782C62301D00530965 /* PokemonTests.swift */; };
		D3B5F6952C62326B00530965 /* ComposableArchitecture in Frameworks */ = {isa = PBXBuildFile; productRef = D3B5F6942C62326B00530965 /* ComposableArchitecture */; };
		D3D3E0C02C625D4700387CB0 /* PokemonDetails.swift in Sources */ = {isa = PBXBuildFile; fileRef = D3D3E0BF2C625D4700387CB0 /* PokemonDetails.swift */; };
		D3D3E0C22C625D5C00387CB0 /* PokemonDetailsView.swift in Sources */ = {isa = PBXBuildFile; fileRef = D3D3E0C12C625D5C00387CB0 /* PokemonDetailsView.swift */; };
		D3D3E0C92C62761E00387CB0 /* Constants.swift in Sources */ = {isa = PBXBuildFile; fileRef = D3D3E0C82C62761E00387CB0 /* Constants.swift */; };
		D3D3E0CE2C629E0200387CB0 /* PokemonClientTests.swift in Sources */ = {isa = PBXBuildFile; fileRef = D3D3E0CD2C629E0200387CB0 /* PokemonClientTests.swift */; };
/* End PBXBuildFile section */

/* Begin PBXContainerItemProxy section */
		D3B5F6752C62301D00530965 /* PBXContainerItemProxy */ = {
			isa = PBXContainerItemProxy;
			containerPortal = D3B5F65C2C62301C00530965 /* Project object */;
			proxyType = 1;
			remoteGlobalIDString = D3B5F6632C62301C00530965;
			remoteInfo = Pokemon;
		};
/* End PBXContainerItemProxy section */

/* Begin PBXFileReference section */
		D39D5B8B2C6237F900BD7130 /* PokemonList.swift */ = {isa = PBXFileReference; lastKnownFileType = sourcecode.swift; path = PokemonList.swift; sourceTree = "<group>"; };
		D39D5B8D2C62381000BD7130 /* PokemonListView.swift */ = {isa = PBXFileReference; lastKnownFileType = sourcecode.swift; path = PokemonListView.swift; sourceTree = "<group>"; };
		D39D5B8F2C62382300BD7130 /* PokemonClient.swift */ = {isa = PBXFileReference; lastKnownFileType = sourcecode.swift; path = PokemonClient.swift; sourceTree = "<group>"; };
		D3B5F6642C62301C00530965 /* Pokemon.app */ = {isa = PBXFileReference; explicitFileType = wrapper.application; includeInIndex = 0; path = Pokemon.app; sourceTree = BUILT_PRODUCTS_DIR; };
		D3B5F6672C62301C00530965 /* PokemonApp.swift */ = {isa = PBXFileReference; lastKnownFileType = sourcecode.swift; path = PokemonApp.swift; sourceTree = "<group>"; };
		D3B5F66B2C62301D00530965 /* Assets.xcassets */ = {isa = PBXFileReference; lastKnownFileType = folder.assetcatalog; path = Assets.xcassets; sourceTree = "<group>"; };
		D3B5F66E2C62301D00530965 /* Preview Assets.xcassets */ = {isa = PBXFileReference; lastKnownFileType = folder.assetcatalog; path = "Preview Assets.xcassets"; sourceTree = "<group>"; };
		D3B5F6742C62301D00530965 /* PokemonTests.xctest */ = {isa = PBXFileReference; explicitFileType = wrapper.cfbundle; includeInIndex = 0; path = PokemonTests.xctest; sourceTree = BUILT_PRODUCTS_DIR; };
		D3B5F6782C62301D00530965 /* PokemonTests.swift */ = {isa = PBXFileReference; lastKnownFileType = sourcecode.swift; path = PokemonTests.swift; sourceTree = "<group>"; };
		D3D3E0BF2C625D4700387CB0 /* PokemonDetails.swift */ = {isa = PBXFileReference; lastKnownFileType = sourcecode.swift; path = PokemonDetails.swift; sourceTree = "<group>"; };
		D3D3E0C12C625D5C00387CB0 /* PokemonDetailsView.swift */ = {isa = PBXFileReference; lastKnownFileType = sourcecode.swift; path = PokemonDetailsView.swift; sourceTree = "<group>"; };
		D3D3E0C82C62761E00387CB0 /* Constants.swift */ = {isa = PBXFileReference; lastKnownFileType = sourcecode.swift; path = Constants.swift; sourceTree = "<group>"; };
		D3D3E0CD2C629E0200387CB0 /* PokemonClientTests.swift */ = {isa = PBXFileReference; lastKnownFileType = sourcecode.swift; path = PokemonClientTests.swift; sourceTree = "<group>"; };
/* End PBXFileReference section */

/* Begin PBXFrameworksBuildPhase section */
		D3B5F6612C62301C00530965 /* Frameworks */ = {
			isa = PBXFrameworksBuildPhase;
			buildActionMask = 2147483647;
			files = (
				D3B5F6952C62326B00530965 /* ComposableArchitecture in Frameworks */,
			);
			runOnlyForDeploymentPostprocessing = 0;
		};
		D3B5F6712C62301D00530965 /* Frameworks */ = {
			isa = PBXFrameworksBuildPhase;
			buildActionMask = 2147483647;
			files = (
			);
			runOnlyForDeploymentPostprocessing = 0;
		};
/* End PBXFrameworksBuildPhase section */

/* Begin PBXGroup section */
		D3B5F65B2C62301C00530965 = {
			isa = PBXGroup;
			children = (
				D3B5F6662C62301C00530965 /* Pokemon */,
				D3B5F6772C62301D00530965 /* PokemonTests */,
				D3B5F6652C62301C00530965 /* Products */,
				D3B5F6932C62326B00530965 /* Frameworks */,
			);
			sourceTree = "<group>";
		};
		D3B5F6652C62301C00530965 /* Products */ = {
			isa = PBXGroup;
			children = (
				D3B5F6642C62301C00530965 /* Pokemon.app */,
				D3B5F6742C62301D00530965 /* PokemonTests.xctest */,
			);
			name = Products;
			sourceTree = "<group>";
		};
		D3B5F6662C62301C00530965 /* Pokemon */ = {
			isa = PBXGroup;
			children = (
				D3D3E0C32C626DA700387CB0 /* App */,
				D3D3E0C62C626DFA00387CB0 /* PokemonDetailFeature */,
				D3D3E0C52C626DC900387CB0 /* PokemonListFeature */,
				D3D3E0C42C626DBB00387CB0 /* Assets */,
				D3D3E0C72C62761500387CB0 /* Utils */,
			);
			path = Pokemon;
			sourceTree = "<group>";
		};
		D3B5F66D2C62301D00530965 /* Preview Content */ = {
			isa = PBXGroup;
			children = (
				D3B5F66E2C62301D00530965 /* Preview Assets.xcassets */,
			);
			path = "Preview Content";
			sourceTree = "<group>";
		};
		D3B5F6772C62301D00530965 /* PokemonTests */ = {
			isa = PBXGroup;
			children = (
				D3B5F6782C62301D00530965 /* PokemonTests.swift */,
				D3D3E0CD2C629E0200387CB0 /* PokemonClientTests.swift */,
			);
			path = PokemonTests;
			sourceTree = "<group>";
		};
		D3B5F6932C62326B00530965 /* Frameworks */ = {
			isa = PBXGroup;
			children = (
			);
			name = Frameworks;
			sourceTree = "<group>";
		};
		D3D3E0C32C626DA700387CB0 /* App */ = {
			isa = PBXGroup;
			children = (
				D3B5F6672C62301C00530965 /* PokemonApp.swift */,
			);
			path = App;
			sourceTree = "<group>";
		};
		D3D3E0C42C626DBB00387CB0 /* Assets */ = {
			isa = PBXGroup;
			children = (
				D3B5F66B2C62301D00530965 /* Assets.xcassets */,
				D3B5F66D2C62301D00530965 /* Preview Content */,
			);
			path = Assets;
			sourceTree = "<group>";
		};
		D3D3E0C52C626DC900387CB0 /* PokemonListFeature */ = {
			isa = PBXGroup;
			children = (
				D39D5B8B2C6237F900BD7130 /* PokemonList.swift */,
				D39D5B8D2C62381000BD7130 /* PokemonListView.swift */,
				D39D5B8F2C62382300BD7130 /* PokemonClient.swift */,
			);
			path = PokemonListFeature;
			sourceTree = "<group>";
		};
		D3D3E0C62C626DFA00387CB0 /* PokemonDetailFeature */ = {
			isa = PBXGroup;
			children = (
				D3D3E0BF2C625D4700387CB0 /* PokemonDetails.swift */,
				D3D3E0C12C625D5C00387CB0 /* PokemonDetailsView.swift */,
			);
			path = PokemonDetailFeature;
			sourceTree = "<group>";
		};
		D3D3E0C72C62761500387CB0 /* Utils */ = {
			isa = PBXGroup;
			children = (
				D3D3E0C82C62761E00387CB0 /* Constants.swift */,
			);
			path = Utils;
			sourceTree = "<group>";
		};
/* End PBXGroup section */

/* Begin PBXNativeTarget section */
		D3B5F6632C62301C00530965 /* Pokemon */ = {
			isa = PBXNativeTarget;
			buildConfigurationList = D3B5F6882C62301D00530965 /* Build configuration list for PBXNativeTarget "Pokemon" */;
			buildPhases = (
				D3B5F6602C62301C00530965 /* Sources */,
				D3B5F6612C62301C00530965 /* Frameworks */,
				D3B5F6622C62301C00530965 /* Resources */,
			);
			buildRules = (
			);
			dependencies = (
			);
			name = Pokemon;
			packageProductDependencies = (
				D3B5F6942C62326B00530965 /* ComposableArchitecture */,
			);
			productName = Pokemon;
			productReference = D3B5F6642C62301C00530965 /* Pokemon.app */;
			productType = "com.apple.product-type.application";
		};
		D3B5F6732C62301D00530965 /* PokemonTests */ = {
			isa = PBXNativeTarget;
			buildConfigurationList = D3B5F68B2C62301D00530965 /* Build configuration list for PBXNativeTarget "PokemonTests" */;
			buildPhases = (
				D3B5F6702C62301D00530965 /* Sources */,
				D3B5F6712C62301D00530965 /* Frameworks */,
				D3B5F6722C62301D00530965 /* Resources */,
			);
			buildRules = (
			);
			dependencies = (
				D3B5F6762C62301D00530965 /* PBXTargetDependency */,
			);
			name = PokemonTests;
			productName = PokemonTests;
			productReference = D3B5F6742C62301D00530965 /* PokemonTests.xctest */;
			productType = "com.apple.product-type.bundle.unit-test";
		};
/* End PBXNativeTarget section */

/* Begin PBXProject section */
		D3B5F65C2C62301C00530965 /* Project object */ = {
			isa = PBXProject;
			attributes = {
				BuildIndependentTargetsInParallel = 1;
				LastSwiftUpdateCheck = 1540;
				LastUpgradeCheck = 1540;
				TargetAttributes = {
					D3B5F6632C62301C00530965 = {
						CreatedOnToolsVersion = 15.4;
					};
					D3B5F6732C62301D00530965 = {
						CreatedOnToolsVersion = 15.4;
						TestTargetID = D3B5F6632C62301C00530965;
					};
				};
			};
			buildConfigurationList = D3B5F65F2C62301C00530965 /* Build configuration list for PBXProject "Pokemon" */;
			compatibilityVersion = "Xcode 14.0";
			developmentRegion = en;
			hasScannedForEncodings = 0;
			knownRegions = (
				en,
				Base,
			);
			mainGroup = D3B5F65B2C62301C00530965;
			packageReferences = (
				D3B5F6922C62318800530965 /* XCRemoteSwiftPackageReference "swift-composable-architecture" */,
			);
			productRefGroup = D3B5F6652C62301C00530965 /* Products */;
			projectDirPath = "";
			projectRoot = "";
			targets = (
				D3B5F6632C62301C00530965 /* Pokemon */,
				D3B5F6732C62301D00530965 /* PokemonTests */,
			);
		};
/* End PBXProject section */

/* Begin PBXResourcesBuildPhase section */
		D3B5F6622C62301C00530965 /* Resources */ = {
			isa = PBXResourcesBuildPhase;
			buildActionMask = 2147483647;
			files = (
				D3B5F66F2C62301D00530965 /* Preview Assets.xcassets in Resources */,
				D3B5F66C2C62301D00530965 /* Assets.xcassets in Resources */,
			);
			runOnlyForDeploymentPostprocessing = 0;
		};
		D3B5F6722C62301D00530965 /* Resources */ = {
			isa = PBXResourcesBuildPhase;
			buildActionMask = 2147483647;
			files = (
			);
			runOnlyForDeploymentPostprocessing = 0;
		};
/* End PBXResourcesBuildPhase section */

/* Begin PBXSourcesBuildPhase section */
		D3B5F6602C62301C00530965 /* Sources */ = {
			isa = PBXSourcesBuildPhase;
			buildActionMask = 2147483647;
			files = (
				D39D5B902C62382300BD7130 /* PokemonClient.swift in Sources */,
				D3D3E0C22C625D5C00387CB0 /* PokemonDetailsView.swift in Sources */,
				D39D5B8E2C62381000BD7130 /* PokemonListView.swift in Sources */,
				D39D5B8C2C6237F900BD7130 /* PokemonList.swift in Sources */,
				D3D3E0C92C62761E00387CB0 /* Constants.swift in Sources */,
				D3B5F6682C62301C00530965 /* PokemonApp.swift in Sources */,
				D3D3E0C02C625D4700387CB0 /* PokemonDetails.swift in Sources */,
			);
			runOnlyForDeploymentPostprocessing = 0;
		};
		D3B5F6702C62301D00530965 /* Sources */ = {
			isa = PBXSourcesBuildPhase;
			buildActionMask = 2147483647;
			files = (
				D3D3E0CE2C629E0200387CB0 /* PokemonClientTests.swift in Sources */,
				D3B5F6792C62301D00530965 /* PokemonTests.swift in Sources */,
			);
			runOnlyForDeploymentPostprocessing = 0;
		};
/* End PBXSourcesBuildPhase section */

/* Begin PBXTargetDependency section */
		D3B5F6762C62301D00530965 /* PBXTargetDependency */ = {
			isa = PBXTargetDependency;
			target = D3B5F6632C62301C00530965 /* Pokemon */;
			targetProxy = D3B5F6752C62301D00530965 /* PBXContainerItemProxy */;
		};
/* End PBXTargetDependency section */

/* Begin XCBuildConfiguration section */
		D3B5F6862C62301D00530965 /* Debug */ = {
			isa = XCBuildConfiguration;
			buildSettings = {
				ALWAYS_SEARCH_USER_PATHS = NO;
				ASSETCATALOG_COMPILER_GENERATE_SWIFT_ASSET_SYMBOL_EXTENSIONS = YES;
				CLANG_ANALYZER_NONNULL = YES;
				CLANG_ANALYZER_NUMBER_OBJECT_CONVERSION = YES_AGGRESSIVE;
				CLANG_CXX_LANGUAGE_STANDARD = "gnu++20";
				CLANG_ENABLE_MODULES = YES;
				CLANG_ENABLE_OBJC_ARC = YES;
				CLANG_ENABLE_OBJC_WEAK = YES;
				CLANG_WARN_BLOCK_CAPTURE_AUTORELEASING = YES;
				CLANG_WARN_BOOL_CONVERSION = YES;
				CLANG_WARN_COMMA = YES;
				CLANG_WARN_CONSTANT_CONVERSION = YES;
				CLANG_WARN_DEPRECATED_OBJC_IMPLEMENTATIONS = YES;
				CLANG_WARN_DIRECT_OBJC_ISA_USAGE = YES_ERROR;
				CLANG_WARN_DOCUMENTATION_COMMENTS = YES;
				CLANG_WARN_EMPTY_BODY = YES;
				CLANG_WARN_ENUM_CONVERSION = YES;
				CLANG_WARN_INFINITE_RECURSION = YES;
				CLANG_WARN_INT_CONVERSION = YES;
				CLANG_WARN_NON_LITERAL_NULL_CONVERSION = YES;
				CLANG_WARN_OBJC_IMPLICIT_RETAIN_SELF = YES;
				CLANG_WARN_OBJC_LITERAL_CONVERSION = YES;
				CLANG_WARN_OBJC_ROOT_CLASS = YES_ERROR;
				CLANG_WARN_QUOTED_INCLUDE_IN_FRAMEWORK_HEADER = YES;
				CLANG_WARN_RANGE_LOOP_ANALYSIS = YES;
				CLANG_WARN_STRICT_PROTOTYPES = YES;
				CLANG_WARN_SUSPICIOUS_MOVE = YES;
				CLANG_WARN_UNGUARDED_AVAILABILITY = YES_AGGRESSIVE;
				CLANG_WARN_UNREACHABLE_CODE = YES;
				CLANG_WARN__DUPLICATE_METHOD_MATCH = YES;
				COPY_PHASE_STRIP = NO;
				DEBUG_INFORMATION_FORMAT = dwarf;
				ENABLE_STRICT_OBJC_MSGSEND = YES;
				ENABLE_TESTABILITY = YES;
				ENABLE_USER_SCRIPT_SANDBOXING = YES;
				GCC_C_LANGUAGE_STANDARD = gnu17;
				GCC_DYNAMIC_NO_PIC = NO;
				GCC_NO_COMMON_BLOCKS = YES;
				GCC_OPTIMIZATION_LEVEL = 0;
				GCC_PREPROCESSOR_DEFINITIONS = (
					"DEBUG=1",
					"$(inherited)",
				);
				GCC_WARN_64_TO_32_BIT_CONVERSION = YES;
				GCC_WARN_ABOUT_RETURN_TYPE = YES_ERROR;
				GCC_WARN_UNDECLARED_SELECTOR = YES;
				GCC_WARN_UNINITIALIZED_AUTOS = YES_AGGRESSIVE;
				GCC_WARN_UNUSED_FUNCTION = YES;
				GCC_WARN_UNUSED_VARIABLE = YES;
				IPHONEOS_DEPLOYMENT_TARGET = 17.5;
				LOCALIZATION_PREFERS_STRING_CATALOGS = YES;
				MTL_ENABLE_DEBUG_INFO = INCLUDE_SOURCE;
				MTL_FAST_MATH = YES;
				ONLY_ACTIVE_ARCH = YES;
				SDKROOT = iphoneos;
				SWIFT_ACTIVE_COMPILATION_CONDITIONS = "DEBUG $(inherited)";
				SWIFT_OPTIMIZATION_LEVEL = "-Onone";
			};
			name = Debug;
		};
		D3B5F6872C62301D00530965 /* Release */ = {
			isa = XCBuildConfiguration;
			buildSettings = {
				ALWAYS_SEARCH_USER_PATHS = NO;
				ASSETCATALOG_COMPILER_GENERATE_SWIFT_ASSET_SYMBOL_EXTENSIONS = YES;
				CLANG_ANALYZER_NONNULL = YES;
				CLANG_ANALYZER_NUMBER_OBJECT_CONVERSION = YES_AGGRESSIVE;
				CLANG_CXX_LANGUAGE_STANDARD = "gnu++20";
				CLANG_ENABLE_MODULES = YES;
				CLANG_ENABLE_OBJC_ARC = YES;
				CLANG_ENABLE_OBJC_WEAK = YES;
				CLANG_WARN_BLOCK_CAPTURE_AUTORELEASING = YES;
				CLANG_WARN_BOOL_CONVERSION = YES;
				CLANG_WARN_COMMA = YES;
				CLANG_WARN_CONSTANT_CONVERSION = YES;
				CLANG_WARN_DEPRECATED_OBJC_IMPLEMENTATIONS = YES;
				CLANG_WARN_DIRECT_OBJC_ISA_USAGE = YES_ERROR;
				CLANG_WARN_DOCUMENTATION_COMMENTS = YES;
				CLANG_WARN_EMPTY_BODY = YES;
				CLANG_WARN_ENUM_CONVERSION = YES;
				CLANG_WARN_INFINITE_RECURSION = YES;
				CLANG_WARN_INT_CONVERSION = YES;
				CLANG_WARN_NON_LITERAL_NULL_CONVERSION = YES;
				CLANG_WARN_OBJC_IMPLICIT_RETAIN_SELF = YES;
				CLANG_WARN_OBJC_LITERAL_CONVERSION = YES;
				CLANG_WARN_OBJC_ROOT_CLASS = YES_ERROR;
				CLANG_WARN_QUOTED_INCLUDE_IN_FRAMEWORK_HEADER = YES;
				CLANG_WARN_RANGE_LOOP_ANALYSIS = YES;
				CLANG_WARN_STRICT_PROTOTYPES = YES;
				CLANG_WARN_SUSPICIOUS_MOVE = YES;
				CLANG_WARN_UNGUARDED_AVAILABILITY = YES_AGGRESSIVE;
				CLANG_WARN_UNREACHABLE_CODE = YES;
				CLANG_WARN__DUPLICATE_METHOD_MATCH = YES;
				COPY_PHASE_STRIP = NO;
				DEBUG_INFORMATION_FORMAT = "dwarf-with-dsym";
				ENABLE_NS_ASSERTIONS = NO;
				ENABLE_STRICT_OBJC_MSGSEND = YES;
				ENABLE_USER_SCRIPT_SANDBOXING = YES;
				GCC_C_LANGUAGE_STANDARD = gnu17;
				GCC_NO_COMMON_BLOCKS = YES;
				GCC_WARN_64_TO_32_BIT_CONVERSION = YES;
				GCC_WARN_ABOUT_RETURN_TYPE = YES_ERROR;
				GCC_WARN_UNDECLARED_SELECTOR = YES;
				GCC_WARN_UNINITIALIZED_AUTOS = YES_AGGRESSIVE;
				GCC_WARN_UNUSED_FUNCTION = YES;
				GCC_WARN_UNUSED_VARIABLE = YES;
				IPHONEOS_DEPLOYMENT_TARGET = 17.5;
				LOCALIZATION_PREFERS_STRING_CATALOGS = YES;
				MTL_ENABLE_DEBUG_INFO = NO;
				MTL_FAST_MATH = YES;
				SDKROOT = iphoneos;
				SWIFT_COMPILATION_MODE = wholemodule;
				VALIDATE_PRODUCT = YES;
			};
			name = Release;
		};
		D3B5F6892C62301D00530965 /* Debug */ = {
			isa = XCBuildConfiguration;
			buildSettings = {
				ASSETCATALOG_COMPILER_APPICON_NAME = AppIcon;
				ASSETCATALOG_COMPILER_GLOBAL_ACCENT_COLOR_NAME = AccentColor;
				CODE_SIGN_STYLE = Automatic;
				CURRENT_PROJECT_VERSION = 1;
				DEVELOPMENT_ASSET_PATHS = "\"Pokemon/Assets/Preview Content\"";
				ENABLE_PREVIEWS = YES;
				GENERATE_INFOPLIST_FILE = YES;
				INFOPLIST_KEY_UIApplicationSceneManifest_Generation = YES;
				INFOPLIST_KEY_UIApplicationSupportsIndirectInputEvents = YES;
				INFOPLIST_KEY_UILaunchScreen_Generation = YES;
				INFOPLIST_KEY_UISupportedInterfaceOrientations_iPad = "UIInterfaceOrientationPortrait UIInterfaceOrientationPortraitUpsideDown UIInterfaceOrientationLandscapeLeft UIInterfaceOrientationLandscapeRight";
				INFOPLIST_KEY_UISupportedInterfaceOrientations_iPhone = "UIInterfaceOrientationPortrait UIInterfaceOrientationLandscapeLeft UIInterfaceOrientationLandscapeRight";
				LD_RUNPATH_SEARCH_PATHS = (
					"$(inherited)",
					"@executable_path/Frameworks",
				);
				MARKETING_VERSION = 1.0;
				PRODUCT_BUNDLE_IDENTIFIER = dd.Pokemon;
				PRODUCT_NAME = "$(TARGET_NAME)";
				SWIFT_EMIT_LOC_STRINGS = YES;
				SWIFT_VERSION = 5.0;
				TARGETED_DEVICE_FAMILY = "1,2";
			};
			name = Debug;
		};
		D3B5F68A2C62301D00530965 /* Release */ = {
			isa = XCBuildConfiguration;
			buildSettings = {
				ASSETCATALOG_COMPILER_APPICON_NAME = AppIcon;
				ASSETCATALOG_COMPILER_GLOBAL_ACCENT_COLOR_NAME = AccentColor;
				CODE_SIGN_STYLE = Automatic;
				CURRENT_PROJECT_VERSION = 1;
				DEVELOPMENT_ASSET_PATHS = "\"Pokemon/Assets/Preview Content\"";
				ENABLE_PREVIEWS = YES;
				GENERATE_INFOPLIST_FILE = YES;
				INFOPLIST_KEY_UIApplicationSceneManifest_Generation = YES;
				INFOPLIST_KEY_UIApplicationSupportsIndirectInputEvents = YES;
				INFOPLIST_KEY_UILaunchScreen_Generation = YES;
				INFOPLIST_KEY_UISupportedInterfaceOrientations_iPad = "UIInterfaceOrientationPortrait UIInterfaceOrientationPortraitUpsideDown UIInterfaceOrientationLandscapeLeft UIInterfaceOrientationLandscapeRight";
				INFOPLIST_KEY_UISupportedInterfaceOrientations_iPhone = "UIInterfaceOrientationPortrait UIInterfaceOrientationLandscapeLeft UIInterfaceOrientationLandscapeRight";
				LD_RUNPATH_SEARCH_PATHS = (
					"$(inherited)",
					"@executable_path/Frameworks",
				);
				MARKETING_VERSION = 1.0;
				PRODUCT_BUNDLE_IDENTIFIER = dd.Pokemon;
				PRODUCT_NAME = "$(TARGET_NAME)";
				SWIFT_EMIT_LOC_STRINGS = YES;
				SWIFT_VERSION = 5.0;
				TARGETED_DEVICE_FAMILY = "1,2";
			};
			name = Release;
		};
		D3B5F68C2C62301D00530965 /* Debug */ = {
			isa = XCBuildConfiguration;
			buildSettings = {
				ALWAYS_EMBED_SWIFT_STANDARD_LIBRARIES = YES;
				BUNDLE_LOADER = "$(TEST_HOST)";
				CODE_SIGN_STYLE = Automatic;
				CURRENT_PROJECT_VERSION = 1;
				GENERATE_INFOPLIST_FILE = YES;
				IPHONEOS_DEPLOYMENT_TARGET = 17.5;
				MARKETING_VERSION = 1.0;
				PRODUCT_BUNDLE_IDENTIFIER = dd.PokemonTests;
				PRODUCT_NAME = "$(TARGET_NAME)";
				SWIFT_EMIT_LOC_STRINGS = NO;
				SWIFT_VERSION = 5.0;
				TARGETED_DEVICE_FAMILY = "1,2";
				TEST_HOST = "$(BUILT_PRODUCTS_DIR)/Pokemon.app/$(BUNDLE_EXECUTABLE_FOLDER_PATH)/Pokemon";
			};
			name = Debug;
		};
		D3B5F68D2C62301D00530965 /* Release */ = {
			isa = XCBuildConfiguration;
			buildSettings = {
				ALWAYS_EMBED_SWIFT_STANDARD_LIBRARIES = YES;
				BUNDLE_LOADER = "$(TEST_HOST)";
				CODE_SIGN_STYLE = Automatic;
				CURRENT_PROJECT_VERSION = 1;
				GENERATE_INFOPLIST_FILE = YES;
				IPHONEOS_DEPLOYMENT_TARGET = 17.5;
				MARKETING_VERSION = 1.0;
				PRODUCT_BUNDLE_IDENTIFIER = dd.PokemonTests;
				PRODUCT_NAME = "$(TARGET_NAME)";
				SWIFT_EMIT_LOC_STRINGS = NO;
				SWIFT_VERSION = 5.0;
				TARGETED_DEVICE_FAMILY = "1,2";
				TEST_HOST = "$(BUILT_PRODUCTS_DIR)/Pokemon.app/$(BUNDLE_EXECUTABLE_FOLDER_PATH)/Pokemon";
			};
			name = Release;
		};
/* End XCBuildConfiguration section */

/* Begin XCConfigurationList section */
		D3B5F65F2C62301C00530965 /* Build configuration list for PBXProject "Pokemon" */ = {
			isa = XCConfigurationList;
			buildConfigurations = (
				D3B5F6862C62301D00530965 /* Debug */,
				D3B5F6872C62301D00530965 /* Release */,
			);
			defaultConfigurationIsVisible = 0;
			defaultConfigurationName = Release;
		};
		D3B5F6882C62301D00530965 /* Build configuration list for PBXNativeTarget "Pokemon" */ = {
			isa = XCConfigurationList;
			buildConfigurations = (
				D3B5F6892C62301D00530965 /* Debug */,
				D3B5F68A2C62301D00530965 /* Release */,
			);
			defaultConfigurationIsVisible = 0;
			defaultConfigurationName = Release;
		};
		D3B5F68B2C62301D00530965 /* Build configuration list for PBXNativeTarget "PokemonTests" */ = {
			isa = XCConfigurationList;
			buildConfigurations = (
				D3B5F68C2C62301D00530965 /* Debug */,
				D3B5F68D2C62301D00530965 /* Release */,
			);
			defaultConfigurationIsVisible = 0;
			defaultConfigurationName = Release;
		};
/* End XCConfigurationList section */

/* Begin XCRemoteSwiftPackageReference section */
		D3B5F6922C62318800530965 /* XCRemoteSwiftPackageReference "swift-composable-architecture" */ = {
			isa = XCRemoteSwiftPackageReference;
			repositoryURL = "https://github.com/pointfreeco/swift-composable-architecture.git";
			requirement = {
				kind = upToNextMajorVersion;
				minimumVersion = 1.12.1;
			};
		};
/* End XCRemoteSwiftPackageReference section */

/* Begin XCSwiftPackageProductDependency section */
		D3B5F6942C62326B00530965 /* ComposableArchitecture */ = {
			isa = XCSwiftPackageProductDependency;
			package = D3B5F6922C62318800530965 /* XCRemoteSwiftPackageReference "swift-composable-architecture" */;
			productName = ComposableArchitecture;
		};
/* End XCSwiftPackageProductDependency section */
	};
	rootObject = D3B5F65C2C62301C00530965 /* Project object */;
}
